
Microsoft Visual Studio Solution File, Format Version 12.00
# Visual Studio Version 17
VisualStudioVersion = 17.3.32901.215
MinimumVisualStudioVersion = 10.0.40219.1
Project("{2150E333-8FDC-42A3-9474-1A3956D46DE8}") = "Services", "Services", "{7FD83483-EE92-48E5-8691-50CEE43EF969}"
EndProject
Project("{2150E333-8FDC-42A3-9474-1A3956D46DE8}") = "Catalog", "Catalog", "{2BE43C36-F233-44C7-8C70-D9B1B2A429D7}"
EndProject
Project("{9A19103F-16F7-4668-BE54-9A1E7A4F7556}") = "Catalog.API", "Services\Catalog\Catalog.API\Catalog.API.csproj", "{78EE93E5-F3D0-4515-93F1-5C590DC619A4}"
EndProject
Project("{E53339B2-1760-4266-BCC7-CA923CBCF16C}") = "docker-compose", "docker-compose.dcproj", "{1359C454-79D1-4E13-BAC0-F73712890314}"
EndProject
Global
	GlobalSection(SolutionConfigurationPlatforms) = preSolution
		Debug|Any CPU = Debug|Any CPU
		Release|Any CPU = Release|Any CPU
	EndGlobalSection
	GlobalSection(ProjectConfigurationPlatforms) = postSolution
		{78EE93E5-F3D0-4515-93F1-5C590DC619A4}.Debug|Any CPU.ActiveCfg = Debug|Any CPU
		{78EE93E5-F3D0-4515-93F1-5C590DC619A4}.Debug|Any CPU.Build.0 = Debug|Any CPU
		{78EE93E5-F3D0-4515-93F1-5C590DC619A4}.Release|Any CPU.ActiveCfg = Release|Any CPU
		{78EE93E5-F3D0-4515-93F1-5C590DC619A4}.Release|Any CPU.Build.0 = Release|Any CPU
		{1359C454-79D1-4E13-BAC0-F73712890314}.Debug|Any CPU.ActiveCfg = Debug|Any CPU
		{1359C454-79D1-4E13-BAC0-F73712890314}.Debug|Any CPU.Build.0 = Debug|Any CPU
		{1359C454-79D1-4E13-BAC0-F73712890314}.Release|Any CPU.ActiveCfg = Release|Any CPU
		{1359C454-79D1-4E13-BAC0-F73712890314}.Release|Any CPU.Build.0 = Release|Any CPU
	EndGlobalSection
	GlobalSection(SolutionProperties) = preSolution
		HideSolutionNode = FALSE
	EndGlobalSection
	GlobalSection(NestedProjects) = preSolution
		{2BE43C36-F233-44C7-8C70-D9B1B2A429D7} = {7FD83483-EE92-48E5-8691-50CEE43EF969}
		{78EE93E5-F3D0-4515-93F1-5C590DC619A4} = {2BE43C36-F233-44C7-8C70-D9B1B2A429D7}
	EndGlobalSection
	GlobalSection(ExtensibilityGlobals) = postSolution
		SolutionGuid = {40CFAEFC-05F2-4CE1-988E-416B08004E95}
	EndGlobalSection
EndGlobal
